<?xml version="1.0" encoding="utf-8"?>
<Project ToolsVersion="4.0" xmlns="http://schemas.microsoft.com/developer/msbuild/2003">
  <ItemGroup>
    <ClCompile Include="test.cpp" />
    <ClCompile Include="pch.cpp" />
    <ClCompile Include="..\Raymond\Canvas.cpp">
      <Filter>files_to_test</Filter>
    </ClCompile>
    <ClCompile Include="..\Raymond\Color.cpp">
      <Filter>files_to_test</Filter>
    </ClCompile>
    <ClCompile Include="..\Raymond\tuple.cpp">
      <Filter>files_to_test</Filter>
    </ClCompile>
    <ClCompile Include="..\Raymond\Matrix.cpp">
      <Filter>files_to_test</Filter>
    </ClCompile>
    <ClCompile Include="..\Raymond\Ray.cpp">
      <Filter>files_to_test</Filter>
    </ClCompile>
    <ClCompile Include="..\Raymond\Object.cpp">
      <Filter>files_to_test</Filter>
    </ClCompile>
    <ClCompile Include="..\Raymond\Primitive.cpp">
      <Filter>files_to_test</Filter>
    </ClCompile>
    <ClCompile Include="..\Raymond\Light.cpp">
      <Filter>files_to_test</Filter>
    </ClCompile>
    <ClCompile Include="..\Raymond\Material.cpp">
      <Filter>files_to_test</Filter>
    </ClCompile>
    <ClCompile Include="..\Raymond\World.cpp">
      <Filter>files_to_test</Filter>
    </ClCompile>
    <ClCompile Include="..\Raymond\IxComps.cpp">
      <Filter>files_to_test</Filter>
    </ClCompile>
    <ClCompile Include="..\Raymond\Background.cpp">
      <Filter>files_to_test</Filter>
    </ClCompile>
    <ClCompile Include="..\Raymond\Camera.cpp">
      <Filter>files_to_test</Filter>
    </ClCompile>
    <ClCompile Include="..\Raymond\Utilities.cpp">
      <Filter>files_to_test</Filter>
    </ClCompile>
    <ClCompile Include="..\Raymond\Texmap.cpp">
      <Filter>files_to_test</Filter>
    </ClCompile>
    <ClCompile Include="..\Raymond\Noise.cpp">
      <Filter>files_to_test</Filter>
    </ClCompile>
    <ClCompile Include="..\Raymond\PrimitiveDefinition.cpp">
      <Filter>files_to_test</Filter>
    </ClCompile>
  </ItemGroup>
  <ItemGroup>
    <ClInclude Include="pch.h" />
    <ClInclude Include="..\Raymond\Canvas.h">
      <Filter>files_to_test</Filter>
    </ClInclude>
    <ClInclude Include="..\Raymond\Color.h">
      <Filter>files_to_test</Filter>
    </ClInclude>
    <ClInclude Include="..\Raymond\tuple.h">
      <Filter>files_to_test</Filter>
    </ClInclude>
    <ClInclude Include="..\Raymond\Matrix.h">
      <Filter>files_to_test</Filter>
    </ClInclude>
    <ClInclude Include="..\Raymond\Ray.h">
      <Filter>files_to_test</Filter>
    </ClInclude>
    <ClInclude Include="..\Raymond\Object.h">
      <Filter>files_to_test</Filter>
    </ClInclude>
    <ClInclude Include="..\Raymond\Primitive.h">
      <Filter>files_to_test</Filter>
    </ClInclude>
    <ClInclude Include="..\Raymond\Light.h">
      <Filter>files_to_test</Filter>
    </ClInclude>
    <ClInclude Include="..\Raymond\Material.h">
      <Filter>files_to_test</Filter>
    </ClInclude>
    <ClInclude Include="..\Raymond\World.h">
      <Filter>files_to_test</Filter>
    </ClInclude>
    <ClInclude Include="..\Raymond\IxComps.h">
      <Filter>files_to_test</Filter>
    </ClInclude>
    <ClInclude Include="..\Raymond\Background.h">
      <Filter>files_to_test</Filter>
    </ClInclude>
    <ClInclude Include="..\Raymond\Camera.h">
      <Filter>files_to_test</Filter>
    </ClInclude>
    <ClInclude Include="..\Raymond\Constants.h" />
    <ClInclude Include="..\Raymond\Utilities.h">
      <Filter>files_to_test</Filter>
    </ClInclude>
    <ClInclude Include="..\Raymond\Texmap.h">
      <Filter>files_to_test</Filter>
    </ClInclude>
    <ClInclude Include="..\Raymond\Noise.h">
      <Filter>files_to_test</Filter>
    </ClInclude>
    <ClInclude Include="..\Raymond\PrimitiveDefinition.h">
      <Filter>files_to_test</Filter>
    </ClInclude>
  </ItemGroup>
  <ItemGroup>
    <Filter Include="files_to_test">
      <UniqueIdentifier>{d5e09e9d-5c38-4464-a661-d0e4df4ac02b}</UniqueIdentifier>
    </Filter>
  </ItemGroup>
  <ItemGroup>
    <None Include="packages.config" />
  </ItemGroup>
</Project>