<?xml version="1.0" encoding="utf-8"?>
<Project ToolsVersion="4.0" xmlns="http://schemas.microsoft.com/developer/msbuild/2003">
  <ItemGroup>
    <ClCompile Include="test.cpp" />
    <ClCompile Include="pch.cpp" />
    <ClCompile Include="..\Raymond\Canvas.cpp">
      <Filter>Source Files</Filter>
    </ClCompile>
    <ClCompile Include="..\Raymond\Color.cpp">
      <Filter>Source Files</Filter>
    </ClCompile>
    <ClCompile Include="..\Raymond\tuple.cpp">
      <Filter>Source Files</Filter>
    </ClCompile>
  </ItemGroup>
  <ItemGroup>
    <ClInclude Include="pch.h" />
    <ClInclude Include="..\Raymond\Canvas.h">
      <Filter>Source Files</Filter>
    </ClInclude>
    <ClInclude Include="..\Raymond\Color.h">
      <Filter>Source Files</Filter>
    </ClInclude>
    <ClInclude Include="..\Raymond\tuple.h">
      <Filter>Source Files</Filter>
    </ClInclude>
  </ItemGroup>
  <ItemGroup>
    <Filter Include="Source Files">
      <UniqueIdentifier>{d5e09e9d-5c38-4464-a661-d0e4df4ac02b}</UniqueIdentifier>
    </Filter>
  </ItemGroup>
</Project>