
Microsoft Visual Studio Solution File, Format Version 12.00
# Visual Studio 15
VisualStudioVersion = 15.0.28307.489
MinimumVisualStudioVersion = 10.0.40219.1
Project("{8BC9CEB8-8B4A-11D0-8D11-00A0C91BC942}") = "Raymond", "Raymond\Raymond.vcxproj", "{FE829BD9-2427-46C4-A7D9-9C4CABF1CBAD}"
EndProject
Project("{8BC9CEB8-8B4A-11D0-8D11-00A0C91BC942}") = "RaymondUnitTester", "RaymondUnitTester\RaymondUnitTester.vcxproj", "{C299B6EB-5B8E-4991-B9BD-07EB704EF5EC}"
EndProject
Global
	GlobalSection(SolutionConfigurationPlatforms) = preSolution
		Debug|x64 = Debug|x64
		Debug|x86 = Debug|x86
		Release|x64 = Release|x64
		Release|x86 = Release|x86
	EndGlobalSection
	GlobalSection(ProjectConfigurationPlatforms) = postSolution
		{FE829BD9-2427-46C4-A7D9-9C4CABF1CBAD}.Debug|x64.ActiveCfg = Debug|x64
		{FE829BD9-2427-46C4-A7D9-9C4CABF1CBAD}.Debug|x64.Build.0 = Debug|x64
		{FE829BD9-2427-46C4-A7D9-9C4CABF1CBAD}.Debug|x86.ActiveCfg = Debug|Win32
		{FE829BD9-2427-46C4-A7D9-9C4CABF1CBAD}.Debug|x86.Build.0 = Debug|Win32
		{FE829BD9-2427-46C4-A7D9-9C4CABF1CBAD}.Release|x64.ActiveCfg = Release|x64
		{FE829BD9-2427-46C4-A7D9-9C4CABF1CBAD}.Release|x64.Build.0 = Release|x64
		{FE829BD9-2427-46C4-A7D9-9C4CABF1CBAD}.Release|x86.ActiveCfg = Release|Win32
		{FE829BD9-2427-46C4-A7D9-9C4CABF1CBAD}.Release|x86.Build.0 = Release|Win32
		{C299B6EB-5B8E-4991-B9BD-07EB704EF5EC}.Debug|x64.ActiveCfg = Debug|x64
		{C299B6EB-5B8E-4991-B9BD-07EB704EF5EC}.Debug|x64.Build.0 = Debug|x64
		{C299B6EB-5B8E-4991-B9BD-07EB704EF5EC}.Debug|x86.ActiveCfg = Debug|Win32
		{C299B6EB-5B8E-4991-B9BD-07EB704EF5EC}.Debug|x86.Build.0 = Debug|Win32
		{C299B6EB-5B8E-4991-B9BD-07EB704EF5EC}.Release|x64.ActiveCfg = Release|x64
		{C299B6EB-5B8E-4991-B9BD-07EB704EF5EC}.Release|x64.Build.0 = Release|x64
		{C299B6EB-5B8E-4991-B9BD-07EB704EF5EC}.Release|x86.ActiveCfg = Release|Win32
		{C299B6EB-5B8E-4991-B9BD-07EB704EF5EC}.Release|x86.Build.0 = Release|Win32
	EndGlobalSection
	GlobalSection(SolutionProperties) = preSolution
		HideSolutionNode = FALSE
	EndGlobalSection
	GlobalSection(ExtensibilityGlobals) = postSolution
		SolutionGuid = {46593028-2E28-4C86-B4CC-187592C846EF}
	EndGlobalSection
EndGlobal
